
Microsoft Visual Studio Solution File, Format Version 12.00
# Visual Studio 15
VisualStudioVersion = 15.0.27703.1
MinimumVisualStudioVersion = 10.0.40219.1
Project("{FAE04EC0-301F-11D3-BF4B-00C04F79EFBC}") = "AudiOcean.Android", "AudiOcean\AudiOcean.Android\AudiOcean.Android.csproj", "{03F57D6C-2333-4D17-8D17-739D6C6F49C6}"
	ProjectSection(ProjectDependencies) = postProject
		{21372EB7-C438-480D-83E5-ABA663956663} = {21372EB7-C438-480D-83E5-ABA663956663}
	EndProjectSection
EndProject
Project("{D954291E-2A0B-460D-934E-DC6B0785DB48}") = "AudiOcean", "AudiOcean\AudiOcean\AudiOcean.shproj", "{0986E3C5-26F4-44A3-A860-36CE168498DF}"
EndProject
Project("{FAE04EC0-301F-11D3-BF4B-00C04F79EFBC}") = "DatabaseInterface", "DatabaseInterface\DatabaseInterface.csproj", "{2B0B3BF4-75F2-43D6-9643-DA8CE0BC3225}"
EndProject
Project("{FAE04EC0-301F-11D3-BF4B-00C04F79EFBC}") = "Authentication", "Authentication\Authentication.csproj", "{963322A3-CF12-4705-AA6D-7793A0938C65}"
EndProject
Project("{FAE04EC0-301F-11D3-BF4B-00C04F79EFBC}") = "GoogleAuthentication", "GoogleAuthentication\GoogleAuthentication.csproj", "{99D005CA-9910-4C05-948D-BA5D3E197428}"
EndProject
Project("{FAE04EC0-301F-11D3-BF4B-00C04F79EFBC}") = "AudiOceanServer", "AudiOceanServer\AudiOceanServer.csproj", "{6FAE716E-F330-41DE-B775-AD048CD120C8}"
EndProject
Project("{FAE04EC0-301F-11D3-BF4B-00C04F79EFBC}") = "AudiOceanClient", "AudiOceanClient\AudiOceanClient.csproj", "{FEF5AB61-FCEB-4C3F-8CFD-8927F47EB297}"
EndProject
Project("{FAE04EC0-301F-11D3-BF4B-00C04F79EFBC}") = "AudioPackage", "AudioPackage\AudioPackage.csproj", "{21372EB7-C438-480D-83E5-ABA663956663}"
EndProject
Global
	GlobalSection(SharedMSBuildProjectFiles) = preSolution
		AudiOcean\AudiOcean\AudiOcean.projitems*{03f57d6c-2333-4d17-8d17-739d6c6f49c6}*SharedItemsImports = 4
		AudiOcean\AudiOcean\AudiOcean.projitems*{0986e3c5-26f4-44a3-a860-36ce168498df}*SharedItemsImports = 13
	EndGlobalSection
	GlobalSection(SolutionConfigurationPlatforms) = preSolution
		Debug|Any CPU = Debug|Any CPU
		Release|Any CPU = Release|Any CPU
	EndGlobalSection
	GlobalSection(ProjectConfigurationPlatforms) = postSolution
		{03F57D6C-2333-4D17-8D17-739D6C6F49C6}.Debug|Any CPU.ActiveCfg = Debug|Any CPU
		{03F57D6C-2333-4D17-8D17-739D6C6F49C6}.Debug|Any CPU.Build.0 = Debug|Any CPU
		{03F57D6C-2333-4D17-8D17-739D6C6F49C6}.Debug|Any CPU.Deploy.0 = Debug|Any CPU
		{03F57D6C-2333-4D17-8D17-739D6C6F49C6}.Release|Any CPU.ActiveCfg = Release|Any CPU
		{03F57D6C-2333-4D17-8D17-739D6C6F49C6}.Release|Any CPU.Build.0 = Release|Any CPU
		{03F57D6C-2333-4D17-8D17-739D6C6F49C6}.Release|Any CPU.Deploy.0 = Release|Any CPU
		{2B0B3BF4-75F2-43D6-9643-DA8CE0BC3225}.Debug|Any CPU.ActiveCfg = Debug|Any CPU
		{2B0B3BF4-75F2-43D6-9643-DA8CE0BC3225}.Debug|Any CPU.Build.0 = Debug|Any CPU
		{2B0B3BF4-75F2-43D6-9643-DA8CE0BC3225}.Release|Any CPU.ActiveCfg = Release|Any CPU
		{2B0B3BF4-75F2-43D6-9643-DA8CE0BC3225}.Release|Any CPU.Build.0 = Release|Any CPU
		{963322A3-CF12-4705-AA6D-7793A0938C65}.Debug|Any CPU.ActiveCfg = Debug|Any CPU
		{963322A3-CF12-4705-AA6D-7793A0938C65}.Debug|Any CPU.Build.0 = Debug|Any CPU
		{963322A3-CF12-4705-AA6D-7793A0938C65}.Release|Any CPU.ActiveCfg = Release|Any CPU
		{963322A3-CF12-4705-AA6D-7793A0938C65}.Release|Any CPU.Build.0 = Release|Any CPU
		{99D005CA-9910-4C05-948D-BA5D3E197428}.Debug|Any CPU.ActiveCfg = Debug|Any CPU
		{99D005CA-9910-4C05-948D-BA5D3E197428}.Debug|Any CPU.Build.0 = Debug|Any CPU
		{99D005CA-9910-4C05-948D-BA5D3E197428}.Release|Any CPU.ActiveCfg = Release|Any CPU
		{99D005CA-9910-4C05-948D-BA5D3E197428}.Release|Any CPU.Build.0 = Release|Any CPU
		{6FAE716E-F330-41DE-B775-AD048CD120C8}.Debug|Any CPU.ActiveCfg = Debug|Any CPU
		{6FAE716E-F330-41DE-B775-AD048CD120C8}.Debug|Any CPU.Build.0 = Debug|Any CPU
		{6FAE716E-F330-41DE-B775-AD048CD120C8}.Release|Any CPU.ActiveCfg = Release|Any CPU
		{6FAE716E-F330-41DE-B775-AD048CD120C8}.Release|Any CPU.Build.0 = Release|Any CPU
		{FEF5AB61-FCEB-4C3F-8CFD-8927F47EB297}.Debug|Any CPU.ActiveCfg = Debug|Any CPU
		{FEF5AB61-FCEB-4C3F-8CFD-8927F47EB297}.Debug|Any CPU.Build.0 = Debug|Any CPU
		{FEF5AB61-FCEB-4C3F-8CFD-8927F47EB297}.Release|Any CPU.ActiveCfg = Release|Any CPU
		{FEF5AB61-FCEB-4C3F-8CFD-8927F47EB297}.Release|Any CPU.Build.0 = Release|Any CPU
		{21372EB7-C438-480D-83E5-ABA663956663}.Debug|Any CPU.ActiveCfg = Debug|Any CPU
		{21372EB7-C438-480D-83E5-ABA663956663}.Debug|Any CPU.Build.0 = Debug|Any CPU
		{21372EB7-C438-480D-83E5-ABA663956663}.Release|Any CPU.ActiveCfg = Release|Any CPU
		{21372EB7-C438-480D-83E5-ABA663956663}.Release|Any CPU.Build.0 = Release|Any CPU
	EndGlobalSection
	GlobalSection(SolutionProperties) = preSolution
		HideSolutionNode = FALSE
	EndGlobalSection
	GlobalSection(ExtensibilityGlobals) = postSolution
		SolutionGuid = {F17EF0D9-286F-41A5-A7EA-6E0AF549C389}
	EndGlobalSection
EndGlobal
