
Microsoft Visual Studio Solution File, Format Version 12.00
# Visual Studio 15
VisualStudioVersion = 15.0.27130.2010
MinimumVisualStudioVersion = 10.0.40219.1
Project("{FAE04EC0-301F-11D3-BF4B-00C04F79EFBC}") = "AudiOcean", "AudiOcean\AudiOcean.csproj", "{2449F46A-920A-48CE-8ADB-3E360A02F668}"
EndProject
Global
	GlobalSection(SolutionConfigurationPlatforms) = preSolution
		Debug|iPhone = Debug|iPhone
		Debug|iPhoneSimulator = Debug|iPhoneSimulator
		Release|iPhone = Release|iPhone
		Release|iPhoneSimulator = Release|iPhoneSimulator
	EndGlobalSection
	GlobalSection(ProjectConfigurationPlatforms) = postSolution
		{2449F46A-920A-48CE-8ADB-3E360A02F668}.Debug|iPhone.ActiveCfg = Debug|iPhone
		{2449F46A-920A-48CE-8ADB-3E360A02F668}.Debug|iPhone.Build.0 = Debug|iPhone
		{2449F46A-920A-48CE-8ADB-3E360A02F668}.Debug|iPhoneSimulator.ActiveCfg = Debug|iPhoneSimulator
		{2449F46A-920A-48CE-8ADB-3E360A02F668}.Debug|iPhoneSimulator.Build.0 = Debug|iPhoneSimulator
		{2449F46A-920A-48CE-8ADB-3E360A02F668}.Release|iPhone.ActiveCfg = Release|iPhone
		{2449F46A-920A-48CE-8ADB-3E360A02F668}.Release|iPhone.Build.0 = Release|iPhone
		{2449F46A-920A-48CE-8ADB-3E360A02F668}.Release|iPhoneSimulator.ActiveCfg = Release|iPhoneSimulator
		{2449F46A-920A-48CE-8ADB-3E360A02F668}.Release|iPhoneSimulator.Build.0 = Release|iPhoneSimulator
	EndGlobalSection
	GlobalSection(SolutionProperties) = preSolution
		HideSolutionNode = FALSE
	EndGlobalSection
	GlobalSection(ExtensibilityGlobals) = postSolution
		SolutionGuid = {F514806B-F483-4F7C-B7A1-FB021D846EAF}
	EndGlobalSection
EndGlobal
